// !$*UTF8*$!
{
	archiveVersion = 1;
	classes = {
	};
	objectVersion = 46;
	objects = {

/* Begin PBXBuildFile section */
		117AA5866BAF45193686AB94 /* BridgeClient.swift in Sources */ = {isa = PBXBuildFile; fileRef = 93EF7D7DFB427A475BE9B83D /* BridgeClient.swift */; };
		1E6FC4A1B8D14AC7A3A51001 /* AppStateStore.swift in Sources */ = {isa = PBXBuildFile; fileRef = 1E6FC4A1B8D14AC7A3A51000 /* AppStateStore.swift */; };
		1E6FC4A1B8D14AC7A3A51003 /* AppStateStoreTests.swift in Sources */ = {isa = PBXBuildFile; fileRef = 1E6FC4A1B8D14AC7A3A51002 /* AppStateStoreTests.swift */; };
		1E6FC4A1B8D14AC7A3A51004 /* AppStateStore.swift in Sources */ = {isa = PBXBuildFile; fileRef = 1E6FC4A1B8D14AC7A3A51000 /* AppStateStore.swift */; };
		1E6FC4A1B8D14AC7A3A51005 /* ModeRouterView.swift in Sources */ = {isa = PBXBuildFile; fileRef = 1E6FC4A1B8D14AC7A3A51006 /* ModeRouterView.swift */; };
		1E6FC4A1B8D14AC7A3A51007 /* ModeRouterView.swift in Sources */ = {isa = PBXBuildFile; fileRef = 1E6FC4A1B8D14AC7A3A51006 /* ModeRouterView.swift */; };
		1E6FC4A1B8D14AC7A3A51008 /* ModeRouterTests.swift in Sources */ = {isa = PBXBuildFile; fileRef = 1E6FC4A1B8D14AC7A3A51009 /* ModeRouterTests.swift */; };
		1E6FC4A1B8D14AC7A3A5100A /* DiagnosticsView.swift in Sources */ = {isa = PBXBuildFile; fileRef = 1E6FC4A1B8D14AC7A3A5100B /* DiagnosticsView.swift */; };
		1E6FC4A1B8D14AC7A3A5100C /* DiagnosticsView.swift in Sources */ = {isa = PBXBuildFile; fileRef = 1E6FC4A1B8D14AC7A3A5100B /* DiagnosticsView.swift */; };
		1E6FC4A1B8D14AC7A3A5100D /* DiagnosticsViewTests.swift in Sources */ = {isa = PBXBuildFile; fileRef = 1E6FC4A1B8D14AC7A3A5100E /* DiagnosticsViewTests.swift */; };
		1E6FC4A1B8D14AC7A3A51010 /* PasteSanitizer.swift in Sources */ = {isa = PBXBuildFile; fileRef = 1E6FC4A1B8D14AC7A3A51011 /* PasteSanitizer.swift */; };
		1E6FC4A1B8D14AC7A3A51012 /* PasteSanitizer.swift in Sources */ = {isa = PBXBuildFile; fileRef = 1E6FC4A1B8D14AC7A3A51011 /* PasteSanitizer.swift */; };
		1E6FC4A1B8D14AC7A3A51013 /* PasteSanitizerTests.swift in Sources */ = {isa = PBXBuildFile; fileRef = 1E6FC4A1B8D14AC7A3A51014 /* PasteSanitizerTests.swift */; };
		1E6FC4A1B8D14AC7A3A51015 /* MorningFlowView.swift in Sources */ = {isa = PBXBuildFile; fileRef = 1E6FC4A1B8D14AC7A3A51016 /* MorningFlowView.swift */; };
		1E6FC4A1B8D14AC7A3A51017 /* MorningFlowView.swift in Sources */ = {isa = PBXBuildFile; fileRef = 1E6FC4A1B8D14AC7A3A51016 /* MorningFlowView.swift */; };
		1E6FC4A1B8D14AC7A3A51018 /* MorningFlowViewTests.swift in Sources */ = {isa = PBXBuildFile; fileRef = 1E6FC4A1B8D14AC7A3A51019 /* MorningFlowViewTests.swift */; };
		1E6FC4A1B8D14AC7A3A5101A /* MenuBarExtraView.swift in Sources */ = {isa = PBXBuildFile; fileRef = 1E6FC4A1B8D14AC7A3A5101B /* MenuBarExtraView.swift */; };
		1E6FC4A1B8D14AC7A3A5101C /* MenuBarExtraView.swift in Sources */ = {isa = PBXBuildFile; fileRef = 1E6FC4A1B8D14AC7A3A5101B /* MenuBarExtraView.swift */; };
		1E6FC4A1B8D14AC7A3A5101D /* MenuBarExtraViewTests.swift in Sources */ = {isa = PBXBuildFile; fileRef = 1E6FC4A1B8D14AC7A3A5101E /* MenuBarExtraViewTests.swift */; };
		1E6FC4A1B8D14AC7A3A51020 /* DashboardWindowView.swift in Sources */ = {isa = PBXBuildFile; fileRef = 1E6FC4A1B8D14AC7A3A51021 /* DashboardWindowView.swift */; };
		1E6FC4A1B8D14AC7A3A51022 /* DashboardWindowView.swift in Sources */ = {isa = PBXBuildFile; fileRef = 1E6FC4A1B8D14AC7A3A51021 /* DashboardWindowView.swift */; };
		1E6FC4A1B8D14AC7A3A51023 /* DashboardWindowViewTests.swift in Sources */ = {isa = PBXBuildFile; fileRef = 1E6FC4A1B8D14AC7A3A51024 /* DashboardWindowViewTests.swift */; };
		1E6FC4A1B8D14AC7A3A51025 /* RuntimeEventCoordinator.swift in Sources */ = {isa = PBXBuildFile; fileRef = 1E6FC4A1B8D14AC7A3A51026 /* RuntimeEventCoordinator.swift */; };
		1E6FC4A1B8D14AC7A3A51027 /* RuntimeEventCoordinator.swift in Sources */ = {isa = PBXBuildFile; fileRef = 1E6FC4A1B8D14AC7A3A51026 /* RuntimeEventCoordinator.swift */; };
		1E6FC4A1B8D14AC7A3A51028 /* RuntimeEventCoordinatorTests.swift in Sources */ = {isa = PBXBuildFile; fileRef = 1E6FC4A1B8D14AC7A3A51029 /* RuntimeEventCoordinatorTests.swift */; };
		1E6FC4A1B8D14AC7A3A5102A /* EveningDebriefView.swift in Sources */ = {isa = PBXBuildFile; fileRef = 1E6FC4A1B8D14AC7A3A5102B /* EveningDebriefView.swift */; };
		1E6FC4A1B8D14AC7A3A5102C /* EveningDebriefView.swift in Sources */ = {isa = PBXBuildFile; fileRef = 1E6FC4A1B8D14AC7A3A5102B /* EveningDebriefView.swift */; };
		1E6FC4A1B8D14AC7A3A5102D /* EveningDebriefViewTests.swift in Sources */ = {isa = PBXBuildFile; fileRef = 1E6FC4A1B8D14AC7A3A5102E /* EveningDebriefViewTests.swift */; };
		22C6F3F0D30A420092917FEF /* EmbeddedLogicRuntimeController.swift in Sources */ = {isa = PBXBuildFile; fileRef = 22C6F3F0D30A420092917FEE /* EmbeddedLogicRuntimeController.swift */; };
		285C9737580E352F860F9DFC /* SystemState.swift in Sources */ = {isa = PBXBuildFile; fileRef = E8330A7510089CBC13E28D3D /* SystemState.swift */; };
		29A5526998269E6CB49C916E /* Cocoa.framework in Frameworks */ = {isa = PBXBuildFile; fileRef = 57BEB135E1BE7F24E9645694 /* Cocoa.framework */; };
		2B8BED953941CB7267541460 /* Cocoa.framework in Frameworks */ = {isa = PBXBuildFile; fileRef = 57BEB135E1BE7F24E9645694 /* Cocoa.framework */; };
		42CDE54C4E89FF59CD4DB49E /* INeedABossAgentApp.swift in Sources */ = {isa = PBXBuildFile; fileRef = 02EAFF09630A2E86451922C7 /* INeedABossAgentApp.swift */; };
		50663F2E0A814A29BA7B8AA5 /* ReplayPreviewTests.swift in Sources */ = {isa = PBXBuildFile; fileRef = 50663F2E0A814A29BA7B8AA4 /* ReplayPreviewTests.swift */; };
		609FDB7CEF5786D0630FDC27 /* BootstrapConfigurationTests.swift in Sources */ = {isa = PBXBuildFile; fileRef = 3B94C57A8AC3E37348D958E3 /* BootstrapConfigurationTests.swift */; };
		78CFBDF1E74C697CB5536B0D /* BootstrapView.swift in Sources */ = {isa = PBXBuildFile; fileRef = 465B2AA333038EBB96306A87 /* BootstrapView.swift */; };
		9EB292D4DF76E808159C1D14 /* AppDelegate.swift in Sources */ = {isa = PBXBuildFile; fileRef = 9C75556CA6FF566442F445E1 /* AppDelegate.swift */; };
		A7CFC21B83ABAA45697A7073 /* BridgeClientTests.swift in Sources */ = {isa = PBXBuildFile; fileRef = A467909EB43D1579277222B8 /* BridgeClientTests.swift */; };
		BBBA6AD44FB8EE0A608430A8 /* BridgeClient.swift in Sources */ = {isa = PBXBuildFile; fileRef = 93EF7D7DFB427A475BE9B83D /* BridgeClient.swift */; };
		C486E824E595E5829BDDB051 /* SystemState.swift in Sources */ = {isa = PBXBuildFile; fileRef = E8330A7510089CBC13E28D3D /* SystemState.swift */; };
		D4229AA736EE9CC928CB13FB /* SystemStateDecodingTests.swift in Sources */ = {isa = PBXBuildFile; fileRef = A3D9C22BD2E6B1E2D9CB3A48 /* SystemStateDecodingTests.swift */; };
/* End PBXBuildFile section */

/* Begin PBXContainerItemProxy section */
		D5DBC42AA0EF833C64A5C295 /* PBXContainerItemProxy */ = {
			isa = PBXContainerItemProxy;
			containerPortal = BABF700446F37011312D85E1 /* Project object */;
			proxyType = 1;
			remoteGlobalIDString = 4C5820E3047FA2E0FCCE74D1;
			remoteInfo = INeedABossAgent;
		};
/* End PBXContainerItemProxy section */

/* Begin PBXFileReference section */
		02EAFF09630A2E86451922C7 /* INeedABossAgentApp.swift */ = {isa = PBXFileReference; includeInIndex = 1; lastKnownFileType = sourcecode.swift; path = INeedABossAgentApp.swift; sourceTree = "<group>"; };
		1E6FC4A1B8D14AC7A3A51000 /* AppStateStore.swift */ = {isa = PBXFileReference; includeInIndex = 1; lastKnownFileType = sourcecode.swift; path = AppStateStore.swift; sourceTree = "<group>"; };
		1E6FC4A1B8D14AC7A3A51002 /* AppStateStoreTests.swift */ = {isa = PBXFileReference; includeInIndex = 1; lastKnownFileType = sourcecode.swift; path = AppStateStoreTests.swift; sourceTree = "<group>"; };
		1E6FC4A1B8D14AC7A3A51006 /* ModeRouterView.swift */ = {isa = PBXFileReference; includeInIndex = 1; lastKnownFileType = sourcecode.swift; path = ModeRouterView.swift; sourceTree = "<group>"; };
		1E6FC4A1B8D14AC7A3A51009 /* ModeRouterTests.swift */ = {isa = PBXFileReference; includeInIndex = 1; lastKnownFileType = sourcecode.swift; path = ModeRouterTests.swift; sourceTree = "<group>"; };
		1E6FC4A1B8D14AC7A3A5100B /* DiagnosticsView.swift */ = {isa = PBXFileReference; includeInIndex = 1; lastKnownFileType = sourcecode.swift; path = DiagnosticsView.swift; sourceTree = "<group>"; };
		1E6FC4A1B8D14AC7A3A5100E /* DiagnosticsViewTests.swift */ = {isa = PBXFileReference; includeInIndex = 1; lastKnownFileType = sourcecode.swift; path = DiagnosticsViewTests.swift; sourceTree = "<group>"; };
		1E6FC4A1B8D14AC7A3A51011 /* PasteSanitizer.swift */ = {isa = PBXFileReference; includeInIndex = 1; lastKnownFileType = sourcecode.swift; path = PasteSanitizer.swift; sourceTree = "<group>"; };
		1E6FC4A1B8D14AC7A3A51014 /* PasteSanitizerTests.swift */ = {isa = PBXFileReference; includeInIndex = 1; lastKnownFileType = sourcecode.swift; path = PasteSanitizerTests.swift; sourceTree = "<group>"; };
		1E6FC4A1B8D14AC7A3A51016 /* MorningFlowView.swift */ = {isa = PBXFileReference; includeInIndex = 1; lastKnownFileType = sourcecode.swift; path = MorningFlowView.swift; sourceTree = "<group>"; };
		1E6FC4A1B8D14AC7A3A51019 /* MorningFlowViewTests.swift */ = {isa = PBXFileReference; includeInIndex = 1; lastKnownFileType = sourcecode.swift; path = MorningFlowViewTests.swift; sourceTree = "<group>"; };
		1E6FC4A1B8D14AC7A3A5101B /* MenuBarExtraView.swift */ = {isa = PBXFileReference; includeInIndex = 1; lastKnownFileType = sourcecode.swift; path = MenuBarExtraView.swift; sourceTree = "<group>"; };
		1E6FC4A1B8D14AC7A3A5101E /* MenuBarExtraViewTests.swift */ = {isa = PBXFileReference; includeInIndex = 1; lastKnownFileType = sourcecode.swift; path = MenuBarExtraViewTests.swift; sourceTree = "<group>"; };
		1E6FC4A1B8D14AC7A3A51021 /* DashboardWindowView.swift */ = {isa = PBXFileReference; includeInIndex = 1; lastKnownFileType = sourcecode.swift; path = DashboardWindowView.swift; sourceTree = "<group>"; };
		1E6FC4A1B8D14AC7A3A51024 /* DashboardWindowViewTests.swift */ = {isa = PBXFileReference; includeInIndex = 1; lastKnownFileType = sourcecode.swift; path = DashboardWindowViewTests.swift; sourceTree = "<group>"; };
		1E6FC4A1B8D14AC7A3A51026 /* RuntimeEventCoordinator.swift */ = {isa = PBXFileReference; includeInIndex = 1; lastKnownFileType = sourcecode.swift; path = RuntimeEventCoordinator.swift; sourceTree = "<group>"; };
		1E6FC4A1B8D14AC7A3A51029 /* RuntimeEventCoordinatorTests.swift */ = {isa = PBXFileReference; includeInIndex = 1; lastKnownFileType = sourcecode.swift; path = RuntimeEventCoordinatorTests.swift; sourceTree = "<group>"; };
		1E6FC4A1B8D14AC7A3A5102B /* EveningDebriefView.swift */ = {isa = PBXFileReference; includeInIndex = 1; lastKnownFileType = sourcecode.swift; path = EveningDebriefView.swift; sourceTree = "<group>"; };
		1E6FC4A1B8D14AC7A3A5102E /* EveningDebriefViewTests.swift */ = {isa = PBXFileReference; includeInIndex = 1; lastKnownFileType = sourcecode.swift; path = EveningDebriefViewTests.swift; sourceTree = "<group>"; };
		22C6F3F0D30A420092917FEE /* EmbeddedLogicRuntimeController.swift */ = {isa = PBXFileReference; includeInIndex = 1; lastKnownFileType = sourcecode.swift; path = EmbeddedLogicRuntimeController.swift; sourceTree = "<group>"; };
		3B94C57A8AC3E37348D958E3 /* BootstrapConfigurationTests.swift */ = {isa = PBXFileReference; includeInIndex = 1; lastKnownFileType = sourcecode.swift; path = BootstrapConfigurationTests.swift; sourceTree = "<group>"; };
		465B2AA333038EBB96306A87 /* BootstrapView.swift */ = {isa = PBXFileReference; includeInIndex = 1; lastKnownFileType = sourcecode.swift; path = BootstrapView.swift; sourceTree = "<group>"; };
		554F840A73FB0BFAE29F6E58 /* Info.plist */ = {isa = PBXFileReference; includeInIndex = 1; lastKnownFileType = text.plist.xml; path = Info.plist; sourceTree = "<group>"; };
		57BEB135E1BE7F24E9645694 /* Cocoa.framework */ = {isa = PBXFileReference; lastKnownFileType = wrapper.framework; name = Cocoa.framework; path = Platforms/MacOSX.platform/Developer/SDKs/MacOSX15.0.sdk/System/Library/Frameworks/Cocoa.framework; sourceTree = DEVELOPER_DIR; };
		740D473CB1EC82A10037C587 /* INeedABossAgent.app */ = {isa = PBXFileReference; explicitFileType = wrapper.application; includeInIndex = 0; path = INeedABossAgent.app; sourceTree = BUILT_PRODUCTS_DIR; };
		8ED9D3F235BFF9E12D41663A /* INeedABossAgent.entitlements */ = {isa = PBXFileReference; includeInIndex = 1; lastKnownFileType = text.plist.entitlements; path = INeedABossAgent.entitlements; sourceTree = "<group>"; };
		93EF7D7DFB427A475BE9B83D /* BridgeClient.swift */ = {isa = PBXFileReference; includeInIndex = 1; lastKnownFileType = sourcecode.swift; path = BridgeClient.swift; sourceTree = "<group>"; };
		9C75556CA6FF566442F445E1 /* AppDelegate.swift */ = {isa = PBXFileReference; includeInIndex = 1; lastKnownFileType = sourcecode.swift; path = AppDelegate.swift; sourceTree = "<group>"; };
		A1E3A2BC7F1E4B50A4431D10 /* BridgeContractCompatibilityTests.swift */ = {isa = PBXFileReference; includeInIndex = 1; lastKnownFileType = sourcecode.swift; path = BridgeContractCompatibilityTests.swift; sourceTree = "<group>"; };
		A3D9C22BD2E6B1E2D9CB3A48 /* SystemStateDecodingTests.swift */ = {isa = PBXFileReference; includeInIndex = 1; lastKnownFileType = sourcecode.swift; path = SystemStateDecodingTests.swift; sourceTree = "<group>"; };
		A467909EB43D1579277222B8 /* BridgeClientTests.swift */ = {isa = PBXFileReference; includeInIndex = 1; lastKnownFileType = sourcecode.swift; path = BridgeClientTests.swift; sourceTree = "<group>"; };
		A61D40DE292E43E391F17D0E /* BridgeContractCompatibilityTests.swift in Sources */ = {isa = PBXBuildFile; fileRef = A1E3A2BC7F1E4B50A4431D10 /* BridgeContractCompatibilityTests.swift */; };
		C8CEEB2521D636972C5AC10D /* INeedABossAgentTests.xctest */ = {isa = PBXFileReference; explicitFileType = wrapper.cfbundle; includeInIndex = 0; path = INeedABossAgentTests.xctest; sourceTree = BUILT_PRODUCTS_DIR; };
		E8330A7510089CBC13E28D3D /* SystemState.swift */ = {isa = PBXFileReference; includeInIndex = 1; lastKnownFileType = sourcecode.swift; path = SystemState.swift; sourceTree = "<group>"; };
		50663F2E0A814A29BA7B8AA4 /* ReplayPreviewTests.swift */ = {isa = PBXFileReference; includeInIndex = 1; lastKnownFileType = sourcecode.swift; path = ReplayPreviewTests.swift; sourceTree = "<group>"; };
/* End PBXFileReference section */

/* Begin PBXFrameworksBuildPhase section */
		193FA8DC6006D8023CAA66B0 /* Frameworks */ = {
			isa = PBXFrameworksBuildPhase;
			buildActionMask = 2147483647;
			files = (
				29A5526998269E6CB49C916E /* Cocoa.framework in Frameworks */,
			);
			runOnlyForDeploymentPostprocessing = 0;
		};
		677559682461616CD5AF1B28 /* Frameworks */ = {
			isa = PBXFrameworksBuildPhase;
			buildActionMask = 2147483647;
			files = (
				2B8BED953941CB7267541460 /* Cocoa.framework in Frameworks */,
			);
			runOnlyForDeploymentPostprocessing = 0;
		};
/* End PBXFrameworksBuildPhase section */

/* Begin PBXGroup section */
		0D6A6C380BEC97D5ECF87F03 /* INeedABossAgentTests */ = {
			isa = PBXGroup;
			children = (
				1E6FC4A1B8D14AC7A3A51002 /* AppStateStoreTests.swift */,
				1E6FC4A1B8D14AC7A3A5100E /* DiagnosticsViewTests.swift */,
				1E6FC4A1B8D14AC7A3A51024 /* DashboardWindowViewTests.swift */,
				1E6FC4A1B8D14AC7A3A5101E /* MenuBarExtraViewTests.swift */,
				1E6FC4A1B8D14AC7A3A5102E /* EveningDebriefViewTests.swift */,
				1E6FC4A1B8D14AC7A3A51019 /* MorningFlowViewTests.swift */,
				1E6FC4A1B8D14AC7A3A51009 /* ModeRouterTests.swift */,
				1E6FC4A1B8D14AC7A3A51014 /* PasteSanitizerTests.swift */,
				50663F2E0A814A29BA7B8AA4 /* ReplayPreviewTests.swift */,
				1E6FC4A1B8D14AC7A3A51029 /* RuntimeEventCoordinatorTests.swift */,
				3B94C57A8AC3E37348D958E3 /* BootstrapConfigurationTests.swift */,
				A1E3A2BC7F1E4B50A4431D10 /* BridgeContractCompatibilityTests.swift */,
				A467909EB43D1579277222B8 /* BridgeClientTests.swift */,
				A3D9C22BD2E6B1E2D9CB3A48 /* SystemStateDecodingTests.swift */,
			);
			name = INeedABossAgentTests;
			path = INeedABossAgentTests;
			sourceTree = "<group>";
		};
		36DEA81F8CFBE14431833A0F /* Bridge */ = {
			isa = PBXGroup;
			children = (
				93EF7D7DFB427A475BE9B83D /* BridgeClient.swift */,
				E8330A7510089CBC13E28D3D /* SystemState.swift */,
			);
			name = Bridge;
			path = Bridge;
			sourceTree = "<group>";
		};
		5E42C36047DBAF5890163FBC /* INeedABossAgent */ = {
			isa = PBXGroup;
			children = (
				9FF6F5DED624EF3D4CCC374B /* App */,
			);
			name = INeedABossAgent;
			path = INeedABossAgent;
			sourceTree = "<group>";
		};
		793C3FA1CB3B241129FE0444 /* OS X */ = {
			isa = PBXGroup;
			children = (
				57BEB135E1BE7F24E9645694 /* Cocoa.framework */,
			);
			name = "OS X";
			sourceTree = "<group>";
		};
		7C03897464E4CDECB6E60ED6 /* Frameworks */ = {
			isa = PBXGroup;
			children = (
				793C3FA1CB3B241129FE0444 /* OS X */,
			);
			name = Frameworks;
			sourceTree = "<group>";
		};
		9FF6F5DED624EF3D4CCC374B /* App */ = {
			isa = PBXGroup;
			children = (
				02EAFF09630A2E86451922C7 /* INeedABossAgentApp.swift */,
				1E6FC4A1B8D14AC7A3A51000 /* AppStateStore.swift */,
				9C75556CA6FF566442F445E1 /* AppDelegate.swift */,
				465B2AA333038EBB96306A87 /* BootstrapView.swift */,
				1E6FC4A1B8D14AC7A3A51021 /* DashboardWindowView.swift */,
				1E6FC4A1B8D14AC7A3A5100B /* DiagnosticsView.swift */,
				22C6F3F0D30A420092917FEE /* EmbeddedLogicRuntimeController.swift */,
				1E6FC4A1B8D14AC7A3A5102B /* EveningDebriefView.swift */,
				1E6FC4A1B8D14AC7A3A5101B /* MenuBarExtraView.swift */,
				1E6FC4A1B8D14AC7A3A51016 /* MorningFlowView.swift */,
				1E6FC4A1B8D14AC7A3A51006 /* ModeRouterView.swift */,
				1E6FC4A1B8D14AC7A3A51011 /* PasteSanitizer.swift */,
				1E6FC4A1B8D14AC7A3A51026 /* RuntimeEventCoordinator.swift */,
				554F840A73FB0BFAE29F6E58 /* Info.plist */,
				8ED9D3F235BFF9E12D41663A /* INeedABossAgent.entitlements */,
				36DEA81F8CFBE14431833A0F /* Bridge */,
			);
			name = App;
			path = App;
			sourceTree = "<group>";
		};
		BC6185F45EE57C77C107ED0A /* Products */ = {
			isa = PBXGroup;
			children = (
				740D473CB1EC82A10037C587 /* INeedABossAgent.app */,
				C8CEEB2521D636972C5AC10D /* INeedABossAgentTests.xctest */,
			);
			name = Products;
			sourceTree = "<group>";
		};
		F1019E67313274228F521297 = {
			isa = PBXGroup;
			children = (
				BC6185F45EE57C77C107ED0A /* Products */,
				7C03897464E4CDECB6E60ED6 /* Frameworks */,
				5E42C36047DBAF5890163FBC /* INeedABossAgent */,
				0D6A6C380BEC97D5ECF87F03 /* INeedABossAgentTests */,
			);
			sourceTree = "<group>";
		};
/* End PBXGroup section */

/* Begin PBXNativeTarget section */
		44F9A36CAA36CA1083BA38AF /* INeedABossAgentTests */ = {
			isa = PBXNativeTarget;
			buildConfigurationList = 15B71B71E444A6C57D5791D1 /* Build configuration list for PBXNativeTarget "INeedABossAgentTests" */;
			buildPhases = (
				ECA154B6A44FC125A0B56A41 /* Sources */,
				677559682461616CD5AF1B28 /* Frameworks */,
				16D2DAB95535830E343008C0 /* Resources */,
			);
			buildRules = (
			);
			dependencies = (
				DCED9550DA880EA670FCCB8B /* PBXTargetDependency */,
			);
			name = INeedABossAgentTests;
			productName = INeedABossAgentTests;
			productReference = C8CEEB2521D636972C5AC10D /* INeedABossAgentTests.xctest */;
			productType = "com.apple.product-type.bundle.unit-test";
		};
		4C5820E3047FA2E0FCCE74D1 /* INeedABossAgent */ = {
			isa = PBXNativeTarget;
			buildConfigurationList = 7337C3052A3C275EEE088533 /* Build configuration list for PBXNativeTarget "INeedABossAgent" */;
			buildPhases = (
				2903495333770D24BD5F4F8D /* Sources */,
				193FA8DC6006D8023CAA66B0 /* Frameworks */,
				7BB388621E08464CA925A4A3 /* Embed Logic Runtime */,
				ABAC943DF8CE6DF3AF65E869 /* Resources */,
			);
			buildRules = (
			);
			dependencies = (
			);
			name = INeedABossAgent;
			productName = INeedABossAgent;
			productReference = 740D473CB1EC82A10037C587 /* INeedABossAgent.app */;
			productType = "com.apple.product-type.application";
		};
/* End PBXNativeTarget section */

/* Begin PBXProject section */
		BABF700446F37011312D85E1 /* Project object */ = {
			isa = PBXProject;
			attributes = {
				LastSwiftUpdateCheck = 2600;
				LastUpgradeCheck = 2600;
			};
			buildConfigurationList = 09359C5AAF853BA183591B6D /* Build configuration list for PBXProject "INeedABossAgent" */;
			compatibilityVersion = "Xcode 3.2";
			developmentRegion = en;
			hasScannedForEncodings = 0;
			knownRegions = (
				en,
				Base,
			);
			mainGroup = F1019E67313274228F521297;
			minimizedProjectReferenceProxies = 0;
			preferredProjectObjectVersion = 77;
			productRefGroup = BC6185F45EE57C77C107ED0A /* Products */;
			projectDirPath = "";
			projectRoot = "";
			targets = (
				4C5820E3047FA2E0FCCE74D1 /* INeedABossAgent */,
				44F9A36CAA36CA1083BA38AF /* INeedABossAgentTests */,
			);
		};
/* End PBXProject section */

/* Begin PBXResourcesBuildPhase section */
		16D2DAB95535830E343008C0 /* Resources */ = {
			isa = PBXResourcesBuildPhase;
			buildActionMask = 2147483647;
			files = (
			);
			runOnlyForDeploymentPostprocessing = 0;
		};
		ABAC943DF8CE6DF3AF65E869 /* Resources */ = {
			isa = PBXResourcesBuildPhase;
			buildActionMask = 2147483647;
			files = (
			);
			runOnlyForDeploymentPostprocessing = 0;
		};
/* End PBXResourcesBuildPhase section */

/* Begin PBXShellScriptBuildPhase section */
		7BB388621E08464CA925A4A3 /* Embed Logic Runtime */ = {
			isa = PBXShellScriptBuildPhase;
			alwaysOutOfDate = 1;
			buildActionMask = 2147483647;
			files = (
			);
			inputFileListPaths = (
			);
			inputPaths = (
			);
			name = "Embed Logic Runtime";
			outputFileListPaths = (
			);
			outputPaths = (
				"$(TARGET_BUILD_DIR)/$(UNLOCALIZED_RESOURCES_FOLDER_PATH)/LogicRuntime/INeedABossAgentNode",
				"$(TARGET_BUILD_DIR)/$(UNLOCALIZED_RESOURCES_FOLDER_PATH)/LogicRuntime/logic-runtime.cjs",
			);
			runOnlyForDeploymentPostprocessing = 0;
			shellPath = /bin/sh;
			shellScript = "set -e\nexport PATH=\"/opt/homebrew/bin:/usr/local/bin:/usr/bin:/bin:/usr/sbin:/sbin:$PATH\"\nexport NVM_DIR=\"$HOME/.nvm\"\nif [ -s \"$NVM_DIR/nvm.sh\" ]; then\n  . \"$NVM_DIR/nvm.sh\"\nfi\nif ! command -v node >/dev/null 2>&1; then\n  echo \"error: node not found for Embed Logic Runtime build phase\" >&2\n  exit 1\nfi\nif ! command -v npm >/dev/null 2>&1; then\n  echo \"error: npm not found for Embed Logic Runtime build phase\" >&2\n  exit 1\nfi\ncd \"$PROJECT_DIR/logic\"\nnpm run build:sea\nSOURCE_RUNTIME_DIR=\"$PROJECT_DIR/logic/dist/logic-runtime\"\nRUNTIME_DIR=\"$TARGET_BUILD_DIR/$UNLOCALIZED_RESOURCES_FOLDER_PATH/LogicRuntime\"\nmkdir -p \"$RUNTIME_DIR\"\nrm -rf \"$RUNTIME_DIR\"\ncp -R \"$SOURCE_RUNTIME_DIR\" \"$RUNTIME_DIR\"\nchmod +x \"$RUNTIME_DIR/INeedABossAgentNode\"\nif [ -n \"$EXPANDED_CODE_SIGN_IDENTITY\" ]; then\n  find \"$RUNTIME_DIR\" \\( -name \"INeedABossAgentNode\" -o -name \"*.node\" \\) -print0 | while IFS= read -r -d '' code_object; do\n    /usr/bin/codesign --force --sign \"$EXPANDED_CODE_SIGN_IDENTITY\" --timestamp=none --generate-entitlement-der \"$code_object\"\n  done\nfi\n";
		};
/* End PBXShellScriptBuildPhase section */

/* Begin PBXSourcesBuildPhase section */
		2903495333770D24BD5F4F8D /* Sources */ = {
			isa = PBXSourcesBuildPhase;
			buildActionMask = 2147483647;
			files = (
				42CDE54C4E89FF59CD4DB49E /* INeedABossAgentApp.swift in Sources */,
				1E6FC4A1B8D14AC7A3A51001 /* AppStateStore.swift in Sources */,
				117AA5866BAF45193686AB94 /* BridgeClient.swift in Sources */,
				9EB292D4DF76E808159C1D14 /* AppDelegate.swift in Sources */,
				22C6F3F0D30A420092917FEF /* EmbeddedLogicRuntimeController.swift in Sources */,
				78CFBDF1E74C697CB5536B0D /* BootstrapView.swift in Sources */,
				1E6FC4A1B8D14AC7A3A51020 /* DashboardWindowView.swift in Sources */,
				1E6FC4A1B8D14AC7A3A5100A /* DiagnosticsView.swift in Sources */,
				1E6FC4A1B8D14AC7A3A5102A /* EveningDebriefView.swift in Sources */,
				1E6FC4A1B8D14AC7A3A5101A /* MenuBarExtraView.swift in Sources */,
				1E6FC4A1B8D14AC7A3A51015 /* MorningFlowView.swift in Sources */,
				1E6FC4A1B8D14AC7A3A51005 /* ModeRouterView.swift in Sources */,
				1E6FC4A1B8D14AC7A3A51010 /* PasteSanitizer.swift in Sources */,
				1E6FC4A1B8D14AC7A3A51025 /* RuntimeEventCoordinator.swift in Sources */,
				C486E824E595E5829BDDB051 /* SystemState.swift in Sources */,
			);
			runOnlyForDeploymentPostprocessing = 0;
		};
		ECA154B6A44FC125A0B56A41 /* Sources */ = {
			isa = PBXSourcesBuildPhase;
			buildActionMask = 2147483647;
			files = (
				1E6FC4A1B8D14AC7A3A51003 /* AppStateStoreTests.swift in Sources */,
				1E6FC4A1B8D14AC7A3A51004 /* AppStateStore.swift in Sources */,
				1E6FC4A1B8D14AC7A3A5100D /* DiagnosticsViewTests.swift in Sources */,
				1E6FC4A1B8D14AC7A3A5100C /* DiagnosticsView.swift in Sources */,
				1E6FC4A1B8D14AC7A3A51023 /* DashboardWindowViewTests.swift in Sources */,
				1E6FC4A1B8D14AC7A3A51022 /* DashboardWindowView.swift in Sources */,
				1E6FC4A1B8D14AC7A3A5102D /* EveningDebriefViewTests.swift in Sources */,
				1E6FC4A1B8D14AC7A3A5102C /* EveningDebriefView.swift in Sources */,
				1E6FC4A1B8D14AC7A3A5101D /* MenuBarExtraViewTests.swift in Sources */,
				1E6FC4A1B8D14AC7A3A5101C /* MenuBarExtraView.swift in Sources */,
				1E6FC4A1B8D14AC7A3A51018 /* MorningFlowViewTests.swift in Sources */,
				1E6FC4A1B8D14AC7A3A51008 /* ModeRouterTests.swift in Sources */,
				1E6FC4A1B8D14AC7A3A51017 /* MorningFlowView.swift in Sources */,
				1E6FC4A1B8D14AC7A3A51013 /* PasteSanitizerTests.swift in Sources */,
				50663F2E0A814A29BA7B8AA5 /* ReplayPreviewTests.swift in Sources */,
				1E6FC4A1B8D14AC7A3A51007 /* ModeRouterView.swift in Sources */,
				1E6FC4A1B8D14AC7A3A51012 /* PasteSanitizer.swift in Sources */,
				1E6FC4A1B8D14AC7A3A51028 /* RuntimeEventCoordinatorTests.swift in Sources */,
				1E6FC4A1B8D14AC7A3A51027 /* RuntimeEventCoordinator.swift in Sources */,
				609FDB7CEF5786D0630FDC27 /* BootstrapConfigurationTests.swift in Sources */,
				A61D40DE292E43E391F17D0E /* BridgeContractCompatibilityTests.swift in Sources */,
				A7CFC21B83ABAA45697A7073 /* BridgeClientTests.swift in Sources */,
				BBBA6AD44FB8EE0A608430A8 /* BridgeClient.swift in Sources */,
				D4229AA736EE9CC928CB13FB /* SystemStateDecodingTests.swift in Sources */,
				285C9737580E352F860F9DFC /* SystemState.swift in Sources */,
			);
			runOnlyForDeploymentPostprocessing = 0;
		};
/* End PBXSourcesBuildPhase section */

/* Begin PBXTargetDependency section */
		DCED9550DA880EA670FCCB8B /* PBXTargetDependency */ = {
			isa = PBXTargetDependency;
			name = INeedABossAgent;
			target = 4C5820E3047FA2E0FCCE74D1 /* INeedABossAgent */;
			targetProxy = D5DBC42AA0EF833C64A5C295 /* PBXContainerItemProxy */;
		};
/* End PBXTargetDependency section */

/* Begin XCBuildConfiguration section */
		773AD00334A5ECE099CBEA5E /* Release */ = {
			isa = XCBuildConfiguration;
			buildSettings = {
				BUNDLE_LOADER = "";
				CLANG_ENABLE_MODULES = YES;
				CLANG_WARN_DOCUMENTATION_COMMENTS = YES;
				CODE_SIGN_STYLE = Automatic;
				GCC_C_LANGUAGE_STANDARD = gnu17;
				GENERATE_INFOPLIST_FILE = YES;
				LD_RUNPATH_SEARCH_PATHS = "$(inherited) @loader_path/../Frameworks";
				MACOSX_DEPLOYMENT_TARGET = 14.0;
				PRODUCT_BUNDLE_IDENTIFIER = com.rolandschuetz.INeedABossAgentTests;
				SDKROOT = macosx;
				SWIFT_VERSION = 6.0;
				TEST_HOST = "";
			};
			name = Release;
		};
		83A20F7C17FB9AFFCC7A01EE /* Debug */ = {
			isa = XCBuildConfiguration;
			buildSettings = {
				BUNDLE_LOADER = "";
				CLANG_ENABLE_MODULES = YES;
				CLANG_WARN_DOCUMENTATION_COMMENTS = YES;
				CODE_SIGN_STYLE = Automatic;
				GCC_C_LANGUAGE_STANDARD = gnu17;
				GENERATE_INFOPLIST_FILE = YES;
				LD_RUNPATH_SEARCH_PATHS = "$(inherited) @loader_path/../Frameworks";
				MACOSX_DEPLOYMENT_TARGET = 14.0;
				PRODUCT_BUNDLE_IDENTIFIER = com.rolandschuetz.INeedABossAgentTests;
				SDKROOT = macosx;
				SWIFT_VERSION = 6.0;
				TEST_HOST = "";
			};
			name = Debug;
		};
		B23DE6F45D38606E6BCFF243 /* Debug */ = {
			isa = XCBuildConfiguration;
			buildSettings = {
				ASSETCATALOG_COMPILER_APPICON_NAME = AppIcon;
				ASSETCATALOG_COMPILER_GLOBAL_ACCENT_COLOR_NAME = AccentColor;
				CLANG_ENABLE_MODULES = YES;
				CLANG_WARN_DOCUMENTATION_COMMENTS = YES;
				CODE_SIGN_ENTITLEMENTS = INeedABossAgent/App/INeedABossAgent.entitlements;
				CODE_SIGN_STYLE = Automatic;
				COMBINE_HIDPI_IMAGES = YES;
				ENABLE_HARDENED_RUNTIME = YES;
				GCC_C_LANGUAGE_STANDARD = gnu17;
				GENERATE_INFOPLIST_FILE = NO;
				INFOPLIST_FILE = INeedABossAgent/App/Info.plist;
				LD_RUNPATH_SEARCH_PATHS = "$(inherited) @executable_path/../Frameworks";
				MACOSX_DEPLOYMENT_TARGET = 14.0;
				PRODUCT_BUNDLE_IDENTIFIER = com.rolandschuetz.INeedABossAgent;
				SDKROOT = macosx;
				SWIFT_EMIT_LOC_STRINGS = YES;
				SWIFT_VERSION = 6.0;
			};
			name = Debug;
		};
		E0182E87030C3E1C8373BF51 /* Debug */ = {
			isa = XCBuildConfiguration;
			buildSettings = {
				ALWAYS_SEARCH_USER_PATHS = NO;
				CLANG_ANALYZER_NONNULL = YES;
				CLANG_ANALYZER_NUMBER_OBJECT_CONVERSION = YES_AGGRESSIVE;
				CLANG_CXX_LANGUAGE_STANDARD = "gnu++14";
				CLANG_CXX_LIBRARY = "libc++";
				CLANG_ENABLE_MODULES = YES;
				CLANG_ENABLE_OBJC_ARC = YES;
				CLANG_ENABLE_OBJC_WEAK = YES;
				CLANG_WARN_BLOCK_CAPTURE_AUTORELEASING = YES;
				CLANG_WARN_BOOL_CONVERSION = YES;
				CLANG_WARN_COMMA = YES;
				CLANG_WARN_CONSTANT_CONVERSION = YES;
				CLANG_WARN_DEPRECATED_OBJC_IMPLEMENTATIONS = YES;
				CLANG_WARN_DIRECT_OBJC_ISA_USAGE = YES_ERROR;
				CLANG_WARN_DOCUMENTATION_COMMENTS = YES;
				CLANG_WARN_EMPTY_BODY = YES;
				CLANG_WARN_ENUM_CONVERSION = YES;
				CLANG_WARN_INFINITE_RECURSION = YES;
				CLANG_WARN_INT_CONVERSION = YES;
				CLANG_WARN_NON_LITERAL_NULL_CONVERSION = YES;
				CLANG_WARN_OBJC_IMPLICIT_RETAIN_SELF = YES;
				CLANG_WARN_OBJC_LITERAL_CONVERSION = YES;
				CLANG_WARN_OBJC_ROOT_CLASS = YES_ERROR;
				CLANG_WARN_QUOTED_INCLUDE_IN_FRAMEWORK_HEADER = YES;
				CLANG_WARN_RANGE_LOOP_ANALYSIS = YES;
				CLANG_WARN_STRICT_PROTOTYPES = YES;
				CLANG_WARN_SUSPICIOUS_MOVE = YES;
				CLANG_WARN_UNGUARDED_AVAILABILITY = YES_AGGRESSIVE;
				CLANG_WARN_UNREACHABLE_CODE = YES;
				CLANG_WARN__DUPLICATE_METHOD_MATCH = YES;
				COPY_PHASE_STRIP = NO;
				DEBUG_INFORMATION_FORMAT = dwarf;
				ENABLE_STRICT_OBJC_MSGSEND = YES;
				ENABLE_TESTABILITY = YES;
				GCC_C_LANGUAGE_STANDARD = gnu11;
				GCC_DYNAMIC_NO_PIC = NO;
				GCC_NO_COMMON_BLOCKS = YES;
				GCC_OPTIMIZATION_LEVEL = 0;
				GCC_PREPROCESSOR_DEFINITIONS = (
					"DEBUG=1",
					"$(inherited)",
				);
				GCC_WARN_64_TO_32_BIT_CONVERSION = YES;
				GCC_WARN_ABOUT_RETURN_TYPE = YES_ERROR;
				GCC_WARN_UNDECLARED_SELECTOR = YES;
				GCC_WARN_UNINITIALIZED_AUTOS = YES_AGGRESSIVE;
				GCC_WARN_UNUSED_FUNCTION = YES;
				GCC_WARN_UNUSED_VARIABLE = YES;
				MTL_ENABLE_DEBUG_INFO = INCLUDE_SOURCE;
				MTL_FAST_MATH = YES;
				ONLY_ACTIVE_ARCH = YES;
				PRODUCT_NAME = "$(TARGET_NAME)";
				SWIFT_ACTIVE_COMPILATION_CONDITIONS = DEBUG;
				SWIFT_OPTIMIZATION_LEVEL = "-Onone";
				SWIFT_VERSION = 5.0;
			};
			name = Debug;
		};
		EAD5B2EFD56792A52139D780 /* Release */ = {
			isa = XCBuildConfiguration;
			buildSettings = {
				ASSETCATALOG_COMPILER_APPICON_NAME = AppIcon;
				ASSETCATALOG_COMPILER_GLOBAL_ACCENT_COLOR_NAME = AccentColor;
				CLANG_ENABLE_MODULES = YES;
				CLANG_WARN_DOCUMENTATION_COMMENTS = YES;
				CODE_SIGN_ENTITLEMENTS = INeedABossAgent/App/INeedABossAgent.entitlements;
				CODE_SIGN_STYLE = Automatic;
				COMBINE_HIDPI_IMAGES = YES;
				ENABLE_HARDENED_RUNTIME = YES;
				GCC_C_LANGUAGE_STANDARD = gnu17;
				GENERATE_INFOPLIST_FILE = NO;
				INFOPLIST_FILE = INeedABossAgent/App/Info.plist;
				LD_RUNPATH_SEARCH_PATHS = "$(inherited) @executable_path/../Frameworks";
				MACOSX_DEPLOYMENT_TARGET = 14.0;
				PRODUCT_BUNDLE_IDENTIFIER = com.rolandschuetz.INeedABossAgent;
				SDKROOT = macosx;
				SWIFT_EMIT_LOC_STRINGS = YES;
				SWIFT_VERSION = 6.0;
			};
			name = Release;
		};
		F66BCF7377F06FAE3299553B /* Release */ = {
			isa = XCBuildConfiguration;
			buildSettings = {
				ALWAYS_SEARCH_USER_PATHS = NO;
				CLANG_ANALYZER_NONNULL = YES;
				CLANG_ANALYZER_NUMBER_OBJECT_CONVERSION = YES_AGGRESSIVE;
				CLANG_CXX_LANGUAGE_STANDARD = "gnu++14";
				CLANG_CXX_LIBRARY = "libc++";
				CLANG_ENABLE_MODULES = YES;
				CLANG_ENABLE_OBJC_ARC = YES;
				CLANG_ENABLE_OBJC_WEAK = YES;
				CLANG_WARN_BLOCK_CAPTURE_AUTORELEASING = YES;
				CLANG_WARN_BOOL_CONVERSION = YES;
				CLANG_WARN_COMMA = YES;
				CLANG_WARN_CONSTANT_CONVERSION = YES;
				CLANG_WARN_DEPRECATED_OBJC_IMPLEMENTATIONS = YES;
				CLANG_WARN_DIRECT_OBJC_ISA_USAGE = YES_ERROR;
				CLANG_WARN_DOCUMENTATION_COMMENTS = YES;
				CLANG_WARN_EMPTY_BODY = YES;
				CLANG_WARN_ENUM_CONVERSION = YES;
				CLANG_WARN_INFINITE_RECURSION = YES;
				CLANG_WARN_INT_CONVERSION = YES;
				CLANG_WARN_NON_LITERAL_NULL_CONVERSION = YES;
				CLANG_WARN_OBJC_IMPLICIT_RETAIN_SELF = YES;
				CLANG_WARN_OBJC_LITERAL_CONVERSION = YES;
				CLANG_WARN_OBJC_ROOT_CLASS = YES_ERROR;
				CLANG_WARN_QUOTED_INCLUDE_IN_FRAMEWORK_HEADER = YES;
				CLANG_WARN_RANGE_LOOP_ANALYSIS = YES;
				CLANG_WARN_STRICT_PROTOTYPES = YES;
				CLANG_WARN_SUSPICIOUS_MOVE = YES;
				CLANG_WARN_UNGUARDED_AVAILABILITY = YES_AGGRESSIVE;
				CLANG_WARN_UNREACHABLE_CODE = YES;
				CLANG_WARN__DUPLICATE_METHOD_MATCH = YES;
				COPY_PHASE_STRIP = NO;
				DEBUG_INFORMATION_FORMAT = "dwarf-with-dsym";
				ENABLE_NS_ASSERTIONS = NO;
				ENABLE_STRICT_OBJC_MSGSEND = YES;
				GCC_C_LANGUAGE_STANDARD = gnu11;
				GCC_NO_COMMON_BLOCKS = YES;
				GCC_WARN_64_TO_32_BIT_CONVERSION = YES;
				GCC_WARN_ABOUT_RETURN_TYPE = YES_ERROR;
				GCC_WARN_UNDECLARED_SELECTOR = YES;
				GCC_WARN_UNINITIALIZED_AUTOS = YES_AGGRESSIVE;
				GCC_WARN_UNUSED_FUNCTION = YES;
				GCC_WARN_UNUSED_VARIABLE = YES;
				MTL_ENABLE_DEBUG_INFO = NO;
				MTL_FAST_MATH = YES;
				PRODUCT_NAME = "$(TARGET_NAME)";
				SWIFT_COMPILATION_MODE = wholemodule;
				SWIFT_OPTIMIZATION_LEVEL = "-O";
				SWIFT_VERSION = 5.0;
			};
			name = Release;
		};
/* End XCBuildConfiguration section */

/* Begin XCConfigurationList section */
		09359C5AAF853BA183591B6D /* Build configuration list for PBXProject "INeedABossAgent" */ = {
			isa = XCConfigurationList;
			buildConfigurations = (
				E0182E87030C3E1C8373BF51 /* Debug */,
				F66BCF7377F06FAE3299553B /* Release */,
			);
			defaultConfigurationIsVisible = 0;
			defaultConfigurationName = Release;
		};
		15B71B71E444A6C57D5791D1 /* Build configuration list for PBXNativeTarget "INeedABossAgentTests" */ = {
			isa = XCConfigurationList;
			buildConfigurations = (
				773AD00334A5ECE099CBEA5E /* Release */,
				83A20F7C17FB9AFFCC7A01EE /* Debug */,
			);
			defaultConfigurationIsVisible = 0;
			defaultConfigurationName = Release;
		};
		7337C3052A3C275EEE088533 /* Build configuration list for PBXNativeTarget "INeedABossAgent" */ = {
			isa = XCConfigurationList;
			buildConfigurations = (
				EAD5B2EFD56792A52139D780 /* Release */,
				B23DE6F45D38606E6BCFF243 /* Debug */,
			);
			defaultConfigurationIsVisible = 0;
			defaultConfigurationName = Release;
		};
/* End XCConfigurationList section */
	};
	rootObject = BABF700446F37011312D85E1 /* Project object */;
}
